
Microsoft Visual Studio Solution File, Format Version 11.00
# Visual Studio 2010
Project("{FAE04EC0-301F-11D3-BF4B-00C04F79EFBC}") = "ShopHelper_WCF", "ShopHelper_WCF\ShopHelper_WCF.csproj", "{81BE8797-0579-452A-83A0-7D87E7290B37}"
EndProject
Global
	GlobalSection(SolutionConfigurationPlatforms) = preSolution
		Debug|Any CPU = Debug|Any CPU
		Release|Any CPU = Release|Any CPU
	EndGlobalSection
	GlobalSection(ProjectConfigurationPlatforms) = postSolution
		{81BE8797-0579-452A-83A0-7D87E7290B37}.Debug|Any CPU.ActiveCfg = Debug|Any CPU
		{81BE8797-0579-452A-83A0-7D87E7290B37}.Debug|Any CPU.Build.0 = Debug|Any CPU
		{81BE8797-0579-452A-83A0-7D87E7290B37}.Release|Any CPU.ActiveCfg = Release|Any CPU
		{81BE8797-0579-452A-83A0-7D87E7290B37}.Release|Any CPU.Build.0 = Release|Any CPU
	EndGlobalSection
	GlobalSection(SolutionProperties) = preSolution
		HideSolutionNode = FALSE
	EndGlobalSection
EndGlobal
